
Microsoft Visual Studio Solution File, Format Version 12.00
Project("{FAE04EC0-301F-11D3-BF4B-00C04F79EFBC}") = "SRP", "SRP\SRP.csproj", "{D85D196C-0657-43C9-9060-A71B0BAA6A07}"
EndProject
Project("{FAE04EC0-301F-11D3-BF4B-00C04F79EFBC}") = "OCP", "OCP\OCP.csproj", "{FDEE7D46-9CAD-4A2C-B210-1E5883702662}"
EndProject
Project("{FAE04EC0-301F-11D3-BF4B-00C04F79EFBC}") = "LSP", "LSP\LSP.csproj", "{282E1447-8000-4402-BB26-624513F3F288}"
EndProject
Project("{FAE04EC0-301F-11D3-BF4B-00C04F79EFBC}") = "ISP", "ISP\ISP.csproj", "{09F75967-4FB9-41E1-9985-50237698F18E}"
EndProject
Project("{FAE04EC0-301F-11D3-BF4B-00C04F79EFBC}") = "DIP", "DIP\DIP.csproj", "{273CBF14-A210-4DE1-AE75-63B5A75CB750}"
EndProject
Project("{2150E333-8FDC-42A3-9474-1A3956D46DE8}") = "SOLID", "SOLID", "{AE63B203-3DB2-4AEE-9458-BF24DE390986}"
EndProject
Project("{2150E333-8FDC-42A3-9474-1A3956D46DE8}") = "DI", "DI", "{3395627D-2C87-4D99-AD36-E03A947A89EA}"
EndProject
Project("{FAE04EC0-301F-11D3-BF4B-00C04F79EFBC}") = "DI_Implementation", "DI_Implementation\DI_Implementation.csproj", "{EF4D6234-CC81-4999-98D7-773D4B474E89}"
EndProject
Project("{FAE04EC0-301F-11D3-BF4B-00C04F79EFBC}") = "DI_Example", "DI_Example\DI_Example.csproj", "{68208533-29A4-4AA6-8A49-99893475CA02}"
EndProject
Project("{2150E333-8FDC-42A3-9474-1A3956D46DE8}") = "CleanArchitecture", "CleanArchitecture", "{893CD95D-5B4E-47DE-899D-E23F5376E09D}"
EndProject
Project("{FAE04EC0-301F-11D3-BF4B-00C04F79EFBC}") = "ApplicationCore", "..\eShopOnWeb\src\ApplicationCore\ApplicationCore.csproj", "{A1648393-73F5-48B4-AB39-E51B7E0D2D89}"
EndProject
Project("{FAE04EC0-301F-11D3-BF4B-00C04F79EFBC}") = "BlazorAdmin", "..\eShopOnWeb\src\BlazorAdmin\BlazorAdmin.csproj", "{0F8A6807-E975-4F87-A8A1-F6154F8C97A2}"
EndProject
Project("{FAE04EC0-301F-11D3-BF4B-00C04F79EFBC}") = "BlazorShared", "..\eShopOnWeb\src\BlazorShared\BlazorShared.csproj", "{EE4D6791-74A5-4397-86FF-229A7C166EF0}"
EndProject
Project("{FAE04EC0-301F-11D3-BF4B-00C04F79EFBC}") = "Infrastructure", "..\eShopOnWeb\src\Infrastructure\Infrastructure.csproj", "{C45BC313-AAFF-47F4-929B-3068388E8662}"
EndProject
Project("{FAE04EC0-301F-11D3-BF4B-00C04F79EFBC}") = "PublicApi", "..\eShopOnWeb\src\PublicApi\PublicApi.csproj", "{0EC90175-A412-45AE-B887-8B7D785E035B}"
EndProject
Project("{FAE04EC0-301F-11D3-BF4B-00C04F79EFBC}") = "Web", "..\eShopOnWeb\src\Web\Web.csproj", "{3CE3A38A-2C95-45E5-8902-730A6A0FFA76}"
EndProject
Global
	GlobalSection(SolutionConfigurationPlatforms) = preSolution
		Debug|Any CPU = Debug|Any CPU
		Release|Any CPU = Release|Any CPU
	EndGlobalSection
	GlobalSection(ProjectConfigurationPlatforms) = postSolution
		{D85D196C-0657-43C9-9060-A71B0BAA6A07}.Debug|Any CPU.ActiveCfg = Debug|Any CPU
		{D85D196C-0657-43C9-9060-A71B0BAA6A07}.Debug|Any CPU.Build.0 = Debug|Any CPU
		{D85D196C-0657-43C9-9060-A71B0BAA6A07}.Release|Any CPU.ActiveCfg = Release|Any CPU
		{D85D196C-0657-43C9-9060-A71B0BAA6A07}.Release|Any CPU.Build.0 = Release|Any CPU
		{FDEE7D46-9CAD-4A2C-B210-1E5883702662}.Debug|Any CPU.ActiveCfg = Debug|Any CPU
		{FDEE7D46-9CAD-4A2C-B210-1E5883702662}.Debug|Any CPU.Build.0 = Debug|Any CPU
		{FDEE7D46-9CAD-4A2C-B210-1E5883702662}.Release|Any CPU.ActiveCfg = Release|Any CPU
		{FDEE7D46-9CAD-4A2C-B210-1E5883702662}.Release|Any CPU.Build.0 = Release|Any CPU
		{282E1447-8000-4402-BB26-624513F3F288}.Debug|Any CPU.ActiveCfg = Debug|Any CPU
		{282E1447-8000-4402-BB26-624513F3F288}.Debug|Any CPU.Build.0 = Debug|Any CPU
		{282E1447-8000-4402-BB26-624513F3F288}.Release|Any CPU.ActiveCfg = Release|Any CPU
		{282E1447-8000-4402-BB26-624513F3F288}.Release|Any CPU.Build.0 = Release|Any CPU
		{09F75967-4FB9-41E1-9985-50237698F18E}.Debug|Any CPU.ActiveCfg = Debug|Any CPU
		{09F75967-4FB9-41E1-9985-50237698F18E}.Debug|Any CPU.Build.0 = Debug|Any CPU
		{09F75967-4FB9-41E1-9985-50237698F18E}.Release|Any CPU.ActiveCfg = Release|Any CPU
		{09F75967-4FB9-41E1-9985-50237698F18E}.Release|Any CPU.Build.0 = Release|Any CPU
		{273CBF14-A210-4DE1-AE75-63B5A75CB750}.Debug|Any CPU.ActiveCfg = Debug|Any CPU
		{273CBF14-A210-4DE1-AE75-63B5A75CB750}.Debug|Any CPU.Build.0 = Debug|Any CPU
		{273CBF14-A210-4DE1-AE75-63B5A75CB750}.Release|Any CPU.ActiveCfg = Release|Any CPU
		{273CBF14-A210-4DE1-AE75-63B5A75CB750}.Release|Any CPU.Build.0 = Release|Any CPU
		{EF4D6234-CC81-4999-98D7-773D4B474E89}.Debug|Any CPU.ActiveCfg = Debug|Any CPU
		{EF4D6234-CC81-4999-98D7-773D4B474E89}.Debug|Any CPU.Build.0 = Debug|Any CPU
		{EF4D6234-CC81-4999-98D7-773D4B474E89}.Release|Any CPU.ActiveCfg = Release|Any CPU
		{EF4D6234-CC81-4999-98D7-773D4B474E89}.Release|Any CPU.Build.0 = Release|Any CPU
		{68208533-29A4-4AA6-8A49-99893475CA02}.Debug|Any CPU.ActiveCfg = Debug|Any CPU
		{68208533-29A4-4AA6-8A49-99893475CA02}.Debug|Any CPU.Build.0 = Debug|Any CPU
		{68208533-29A4-4AA6-8A49-99893475CA02}.Release|Any CPU.ActiveCfg = Release|Any CPU
		{68208533-29A4-4AA6-8A49-99893475CA02}.Release|Any CPU.Build.0 = Release|Any CPU
		{A1648393-73F5-48B4-AB39-E51B7E0D2D89}.Debug|Any CPU.ActiveCfg = Debug|Any CPU
		{A1648393-73F5-48B4-AB39-E51B7E0D2D89}.Debug|Any CPU.Build.0 = Debug|Any CPU
		{A1648393-73F5-48B4-AB39-E51B7E0D2D89}.Release|Any CPU.ActiveCfg = Release|Any CPU
		{A1648393-73F5-48B4-AB39-E51B7E0D2D89}.Release|Any CPU.Build.0 = Release|Any CPU
		{0F8A6807-E975-4F87-A8A1-F6154F8C97A2}.Debug|Any CPU.ActiveCfg = Debug|Any CPU
		{0F8A6807-E975-4F87-A8A1-F6154F8C97A2}.Debug|Any CPU.Build.0 = Debug|Any CPU
		{0F8A6807-E975-4F87-A8A1-F6154F8C97A2}.Release|Any CPU.ActiveCfg = Release|Any CPU
		{0F8A6807-E975-4F87-A8A1-F6154F8C97A2}.Release|Any CPU.Build.0 = Release|Any CPU
		{EE4D6791-74A5-4397-86FF-229A7C166EF0}.Debug|Any CPU.ActiveCfg = Debug|Any CPU
		{EE4D6791-74A5-4397-86FF-229A7C166EF0}.Debug|Any CPU.Build.0 = Debug|Any CPU
		{EE4D6791-74A5-4397-86FF-229A7C166EF0}.Release|Any CPU.ActiveCfg = Release|Any CPU
		{EE4D6791-74A5-4397-86FF-229A7C166EF0}.Release|Any CPU.Build.0 = Release|Any CPU
		{C45BC313-AAFF-47F4-929B-3068388E8662}.Debug|Any CPU.ActiveCfg = Debug|Any CPU
		{C45BC313-AAFF-47F4-929B-3068388E8662}.Debug|Any CPU.Build.0 = Debug|Any CPU
		{C45BC313-AAFF-47F4-929B-3068388E8662}.Release|Any CPU.ActiveCfg = Release|Any CPU
		{C45BC313-AAFF-47F4-929B-3068388E8662}.Release|Any CPU.Build.0 = Release|Any CPU
		{0EC90175-A412-45AE-B887-8B7D785E035B}.Debug|Any CPU.ActiveCfg = Debug|Any CPU
		{0EC90175-A412-45AE-B887-8B7D785E035B}.Debug|Any CPU.Build.0 = Debug|Any CPU
		{0EC90175-A412-45AE-B887-8B7D785E035B}.Release|Any CPU.ActiveCfg = Release|Any CPU
		{0EC90175-A412-45AE-B887-8B7D785E035B}.Release|Any CPU.Build.0 = Release|Any CPU
		{3CE3A38A-2C95-45E5-8902-730A6A0FFA76}.Debug|Any CPU.ActiveCfg = Debug|Any CPU
		{3CE3A38A-2C95-45E5-8902-730A6A0FFA76}.Debug|Any CPU.Build.0 = Debug|Any CPU
		{3CE3A38A-2C95-45E5-8902-730A6A0FFA76}.Release|Any CPU.ActiveCfg = Release|Any CPU
		{3CE3A38A-2C95-45E5-8902-730A6A0FFA76}.Release|Any CPU.Build.0 = Release|Any CPU
	EndGlobalSection
	GlobalSection(NestedProjects) = preSolution
		{273CBF14-A210-4DE1-AE75-63B5A75CB750} = {AE63B203-3DB2-4AEE-9458-BF24DE390986}
		{09F75967-4FB9-41E1-9985-50237698F18E} = {AE63B203-3DB2-4AEE-9458-BF24DE390986}
		{282E1447-8000-4402-BB26-624513F3F288} = {AE63B203-3DB2-4AEE-9458-BF24DE390986}
		{FDEE7D46-9CAD-4A2C-B210-1E5883702662} = {AE63B203-3DB2-4AEE-9458-BF24DE390986}
		{D85D196C-0657-43C9-9060-A71B0BAA6A07} = {AE63B203-3DB2-4AEE-9458-BF24DE390986}
		{EF4D6234-CC81-4999-98D7-773D4B474E89} = {3395627D-2C87-4D99-AD36-E03A947A89EA}
		{68208533-29A4-4AA6-8A49-99893475CA02} = {3395627D-2C87-4D99-AD36-E03A947A89EA}
		{A1648393-73F5-48B4-AB39-E51B7E0D2D89} = {893CD95D-5B4E-47DE-899D-E23F5376E09D}
		{0F8A6807-E975-4F87-A8A1-F6154F8C97A2} = {893CD95D-5B4E-47DE-899D-E23F5376E09D}
		{EE4D6791-74A5-4397-86FF-229A7C166EF0} = {893CD95D-5B4E-47DE-899D-E23F5376E09D}
		{C45BC313-AAFF-47F4-929B-3068388E8662} = {893CD95D-5B4E-47DE-899D-E23F5376E09D}
		{0EC90175-A412-45AE-B887-8B7D785E035B} = {893CD95D-5B4E-47DE-899D-E23F5376E09D}
		{3CE3A38A-2C95-45E5-8902-730A6A0FFA76} = {893CD95D-5B4E-47DE-899D-E23F5376E09D}
	EndGlobalSection
EndGlobal
