
Microsoft Visual Studio Solution File, Format Version 12.00
Project("{FAE04EC0-301F-11D3-BF4B-00C04F79EFBC}") = "SRP", "SRP\SRP.csproj", "{D85D196C-0657-43C9-9060-A71B0BAA6A07}"
EndProject
Project("{FAE04EC0-301F-11D3-BF4B-00C04F79EFBC}") = "OCP", "OCP\OCP.csproj", "{FDEE7D46-9CAD-4A2C-B210-1E5883702662}"
EndProject
Project("{FAE04EC0-301F-11D3-BF4B-00C04F79EFBC}") = "LSP", "LSP\LSP.csproj", "{282E1447-8000-4402-BB26-624513F3F288}"
EndProject
Project("{FAE04EC0-301F-11D3-BF4B-00C04F79EFBC}") = "ISP", "ISP\ISP.csproj", "{09F75967-4FB9-41E1-9985-50237698F18E}"
EndProject
Project("{FAE04EC0-301F-11D3-BF4B-00C04F79EFBC}") = "DIP", "DIP\DIP.csproj", "{273CBF14-A210-4DE1-AE75-63B5A75CB750}"
EndProject
Project("{2150E333-8FDC-42A3-9474-1A3956D46DE8}") = "SOLID", "SOLID", "{AE63B203-3DB2-4AEE-9458-BF24DE390986}"
EndProject
Project("{2150E333-8FDC-42A3-9474-1A3956D46DE8}") = "DI", "DI", "{3395627D-2C87-4D99-AD36-E03A947A89EA}"
EndProject
Project("{FAE04EC0-301F-11D3-BF4B-00C04F79EFBC}") = "DI_Implementation", "DI_Implementation\DI_Implementation.csproj", "{EF4D6234-CC81-4999-98D7-773D4B474E89}"
EndProject
Project("{FAE04EC0-301F-11D3-BF4B-00C04F79EFBC}") = "DI_Example", "DI_Example\DI_Example.csproj", "{68208533-29A4-4AA6-8A49-99893475CA02}"
EndProject
Project("{2150E333-8FDC-42A3-9474-1A3956D46DE8}") = "CleanArchitecture", "CleanArchitecture", "{893CD95D-5B4E-47DE-899D-E23F5376E09D}"
EndProject
Project("{FAE04EC0-301F-11D3-BF4B-00C04F79EFBC}") = "ApplicationCore", "ApplicationCore\ApplicationCore.csproj", "{A42B6AA0-F5C6-45F8-901B-88CC0C56199D}"
EndProject
Project("{FAE04EC0-301F-11D3-BF4B-00C04F79EFBC}") = "BlazorAdmin", "BlazorAdmin\BlazorAdmin.csproj", "{05AD4B68-EFBB-4759-A201-BD721451D2FE}"
EndProject
Project("{FAE04EC0-301F-11D3-BF4B-00C04F79EFBC}") = "BlazorShared", "BlazorShared\BlazorShared.csproj", "{8B493C65-2747-4D51-A24D-39350F4A68BF}"
EndProject
Project("{FAE04EC0-301F-11D3-BF4B-00C04F79EFBC}") = "Infrastructure", "Infrastructure\Infrastructure.csproj", "{37E1CA15-88CE-4E9C-8E14-3EE21D8A37D0}"
EndProject
Project("{FAE04EC0-301F-11D3-BF4B-00C04F79EFBC}") = "PublicApi", "PublicApi\PublicApi.csproj", "{347C9AE6-3430-4A0A-8DFB-45C1BF85E22A}"
EndProject
Project("{FAE04EC0-301F-11D3-BF4B-00C04F79EFBC}") = "Web", "Web\Web.csproj", "{15D14507-8449-4C8C-BA6C-30FD5BA78E59}"
EndProject
Global
	GlobalSection(SolutionConfigurationPlatforms) = preSolution
		Debug|Any CPU = Debug|Any CPU
		Release|Any CPU = Release|Any CPU
	EndGlobalSection
	GlobalSection(ProjectConfigurationPlatforms) = postSolution
		{D85D196C-0657-43C9-9060-A71B0BAA6A07}.Debug|Any CPU.ActiveCfg = Debug|Any CPU
		{D85D196C-0657-43C9-9060-A71B0BAA6A07}.Debug|Any CPU.Build.0 = Debug|Any CPU
		{D85D196C-0657-43C9-9060-A71B0BAA6A07}.Release|Any CPU.ActiveCfg = Release|Any CPU
		{D85D196C-0657-43C9-9060-A71B0BAA6A07}.Release|Any CPU.Build.0 = Release|Any CPU
		{FDEE7D46-9CAD-4A2C-B210-1E5883702662}.Debug|Any CPU.ActiveCfg = Debug|Any CPU
		{FDEE7D46-9CAD-4A2C-B210-1E5883702662}.Debug|Any CPU.Build.0 = Debug|Any CPU
		{FDEE7D46-9CAD-4A2C-B210-1E5883702662}.Release|Any CPU.ActiveCfg = Release|Any CPU
		{FDEE7D46-9CAD-4A2C-B210-1E5883702662}.Release|Any CPU.Build.0 = Release|Any CPU
		{282E1447-8000-4402-BB26-624513F3F288}.Debug|Any CPU.ActiveCfg = Debug|Any CPU
		{282E1447-8000-4402-BB26-624513F3F288}.Debug|Any CPU.Build.0 = Debug|Any CPU
		{282E1447-8000-4402-BB26-624513F3F288}.Release|Any CPU.ActiveCfg = Release|Any CPU
		{282E1447-8000-4402-BB26-624513F3F288}.Release|Any CPU.Build.0 = Release|Any CPU
		{09F75967-4FB9-41E1-9985-50237698F18E}.Debug|Any CPU.ActiveCfg = Debug|Any CPU
		{09F75967-4FB9-41E1-9985-50237698F18E}.Debug|Any CPU.Build.0 = Debug|Any CPU
		{09F75967-4FB9-41E1-9985-50237698F18E}.Release|Any CPU.ActiveCfg = Release|Any CPU
		{09F75967-4FB9-41E1-9985-50237698F18E}.Release|Any CPU.Build.0 = Release|Any CPU
		{273CBF14-A210-4DE1-AE75-63B5A75CB750}.Debug|Any CPU.ActiveCfg = Debug|Any CPU
		{273CBF14-A210-4DE1-AE75-63B5A75CB750}.Debug|Any CPU.Build.0 = Debug|Any CPU
		{273CBF14-A210-4DE1-AE75-63B5A75CB750}.Release|Any CPU.ActiveCfg = Release|Any CPU
		{273CBF14-A210-4DE1-AE75-63B5A75CB750}.Release|Any CPU.Build.0 = Release|Any CPU
		{EF4D6234-CC81-4999-98D7-773D4B474E89}.Debug|Any CPU.ActiveCfg = Debug|Any CPU
		{EF4D6234-CC81-4999-98D7-773D4B474E89}.Debug|Any CPU.Build.0 = Debug|Any CPU
		{EF4D6234-CC81-4999-98D7-773D4B474E89}.Release|Any CPU.ActiveCfg = Release|Any CPU
		{EF4D6234-CC81-4999-98D7-773D4B474E89}.Release|Any CPU.Build.0 = Release|Any CPU
		{68208533-29A4-4AA6-8A49-99893475CA02}.Debug|Any CPU.ActiveCfg = Debug|Any CPU
		{68208533-29A4-4AA6-8A49-99893475CA02}.Debug|Any CPU.Build.0 = Debug|Any CPU
		{68208533-29A4-4AA6-8A49-99893475CA02}.Release|Any CPU.ActiveCfg = Release|Any CPU
		{68208533-29A4-4AA6-8A49-99893475CA02}.Release|Any CPU.Build.0 = Release|Any CPU
		{A42B6AA0-F5C6-45F8-901B-88CC0C56199D}.Debug|Any CPU.ActiveCfg = Debug|Any CPU
		{A42B6AA0-F5C6-45F8-901B-88CC0C56199D}.Debug|Any CPU.Build.0 = Debug|Any CPU
		{A42B6AA0-F5C6-45F8-901B-88CC0C56199D}.Release|Any CPU.ActiveCfg = Release|Any CPU
		{A42B6AA0-F5C6-45F8-901B-88CC0C56199D}.Release|Any CPU.Build.0 = Release|Any CPU
		{05AD4B68-EFBB-4759-A201-BD721451D2FE}.Debug|Any CPU.ActiveCfg = Debug|Any CPU
		{05AD4B68-EFBB-4759-A201-BD721451D2FE}.Debug|Any CPU.Build.0 = Debug|Any CPU
		{05AD4B68-EFBB-4759-A201-BD721451D2FE}.Release|Any CPU.ActiveCfg = Release|Any CPU
		{05AD4B68-EFBB-4759-A201-BD721451D2FE}.Release|Any CPU.Build.0 = Release|Any CPU
		{8B493C65-2747-4D51-A24D-39350F4A68BF}.Debug|Any CPU.ActiveCfg = Debug|Any CPU
		{8B493C65-2747-4D51-A24D-39350F4A68BF}.Debug|Any CPU.Build.0 = Debug|Any CPU
		{8B493C65-2747-4D51-A24D-39350F4A68BF}.Release|Any CPU.ActiveCfg = Release|Any CPU
		{8B493C65-2747-4D51-A24D-39350F4A68BF}.Release|Any CPU.Build.0 = Release|Any CPU
		{37E1CA15-88CE-4E9C-8E14-3EE21D8A37D0}.Debug|Any CPU.ActiveCfg = Debug|Any CPU
		{37E1CA15-88CE-4E9C-8E14-3EE21D8A37D0}.Debug|Any CPU.Build.0 = Debug|Any CPU
		{37E1CA15-88CE-4E9C-8E14-3EE21D8A37D0}.Release|Any CPU.ActiveCfg = Release|Any CPU
		{37E1CA15-88CE-4E9C-8E14-3EE21D8A37D0}.Release|Any CPU.Build.0 = Release|Any CPU
		{347C9AE6-3430-4A0A-8DFB-45C1BF85E22A}.Debug|Any CPU.ActiveCfg = Debug|Any CPU
		{347C9AE6-3430-4A0A-8DFB-45C1BF85E22A}.Debug|Any CPU.Build.0 = Debug|Any CPU
		{347C9AE6-3430-4A0A-8DFB-45C1BF85E22A}.Release|Any CPU.ActiveCfg = Release|Any CPU
		{347C9AE6-3430-4A0A-8DFB-45C1BF85E22A}.Release|Any CPU.Build.0 = Release|Any CPU
		{15D14507-8449-4C8C-BA6C-30FD5BA78E59}.Debug|Any CPU.ActiveCfg = Debug|Any CPU
		{15D14507-8449-4C8C-BA6C-30FD5BA78E59}.Debug|Any CPU.Build.0 = Debug|Any CPU
		{15D14507-8449-4C8C-BA6C-30FD5BA78E59}.Release|Any CPU.ActiveCfg = Release|Any CPU
		{15D14507-8449-4C8C-BA6C-30FD5BA78E59}.Release|Any CPU.Build.0 = Release|Any CPU
	EndGlobalSection
	GlobalSection(NestedProjects) = preSolution
		{273CBF14-A210-4DE1-AE75-63B5A75CB750} = {AE63B203-3DB2-4AEE-9458-BF24DE390986}
		{09F75967-4FB9-41E1-9985-50237698F18E} = {AE63B203-3DB2-4AEE-9458-BF24DE390986}
		{282E1447-8000-4402-BB26-624513F3F288} = {AE63B203-3DB2-4AEE-9458-BF24DE390986}
		{FDEE7D46-9CAD-4A2C-B210-1E5883702662} = {AE63B203-3DB2-4AEE-9458-BF24DE390986}
		{D85D196C-0657-43C9-9060-A71B0BAA6A07} = {AE63B203-3DB2-4AEE-9458-BF24DE390986}
		{EF4D6234-CC81-4999-98D7-773D4B474E89} = {3395627D-2C87-4D99-AD36-E03A947A89EA}
		{68208533-29A4-4AA6-8A49-99893475CA02} = {3395627D-2C87-4D99-AD36-E03A947A89EA}
		{A42B6AA0-F5C6-45F8-901B-88CC0C56199D} = {893CD95D-5B4E-47DE-899D-E23F5376E09D}
		{05AD4B68-EFBB-4759-A201-BD721451D2FE} = {893CD95D-5B4E-47DE-899D-E23F5376E09D}
		{8B493C65-2747-4D51-A24D-39350F4A68BF} = {893CD95D-5B4E-47DE-899D-E23F5376E09D}
		{37E1CA15-88CE-4E9C-8E14-3EE21D8A37D0} = {893CD95D-5B4E-47DE-899D-E23F5376E09D}
		{347C9AE6-3430-4A0A-8DFB-45C1BF85E22A} = {893CD95D-5B4E-47DE-899D-E23F5376E09D}
		{15D14507-8449-4C8C-BA6C-30FD5BA78E59} = {893CD95D-5B4E-47DE-899D-E23F5376E09D}
	EndGlobalSection
EndGlobal
